
Microsoft Visual Studio Solution File, Format Version 12.00
# Visual Studio Version 17
VisualStudioVersion = 17.2.32516.85
MinimumVisualStudioVersion = 10.0.40219.1
Project("{2150E333-8FDC-42A3-9474-1A3956D46DE8}") = "Presentation layer", "Presentation layer", "{840E1D39-E282-403A-8504-2C7CC623C59E}"
EndProject
Project("{2150E333-8FDC-42A3-9474-1A3956D46DE8}") = "Business layer", "Business layer", "{1D6C79B8-EF29-41A8-B063-0AEF2836CFDF}"
EndProject
Project("{2150E333-8FDC-42A3-9474-1A3956D46DE8}") = "Data Access layer", "Data Access layer", "{50D5B9B2-DD2B-47F1-8406-D2B739034248}"
EndProject
Project("{2150E333-8FDC-42A3-9474-1A3956D46DE8}") = "Tests", "Tests", "{526BFAA4-621D-4EAB-81EB-9FFDAD4633F5}"
EndProject
Project("{2150E333-8FDC-42A3-9474-1A3956D46DE8}") = "Common", "Common", "{31BB0A10-9336-47C7-A256-495190BD5BF5}"
EndProject
Project("{9A19103F-16F7-4668-BE54-9A1E7A4F7556}") = "UsersAndAwards.Entities", "UsersAndAwards.Entities\UsersAndAwards.Entities.csproj", "{05C118C8-C3E0-4268-939A-43D94AF48E6C}"
EndProject
Project("{9A19103F-16F7-4668-BE54-9A1E7A4F7556}") = "UsersAndAwards.BLL", "UsersAndAwards.BLL\UsersAndAwards.BLL.csproj", "{E8C61C56-EDAB-4507-9E11-CE5AA3F93D5A}"
EndProject
Project("{9A19103F-16F7-4668-BE54-9A1E7A4F7556}") = "UsersAndAwards.DAL.SQLiteDAO", "UsersAndAwards.DAL.SQlite\UsersAndAwards.DAL.SQLiteDAO.csproj", "{CD996D70-01DD-451C-8BA4-4984F748C28E}"
EndProject
Project("{9A19103F-16F7-4668-BE54-9A1E7A4F7556}") = "UsersAndAwards.BLL.Interfaces", "UsersAndAwards.BLL.Interfaces\UsersAndAwards.BLL.Interfaces.csproj", "{D81881DD-F8FC-4AE5-98BB-4E9333DBF921}"
EndProject
Project("{9A19103F-16F7-4668-BE54-9A1E7A4F7556}") = "UsersAndAwards.Mappings", "UsersAndAwards.Mappings\UsersAndAwards.Mappings.csproj", "{6181EEA0-536C-4768-9AF2-318AB8C418CD}"
EndProject
Project("{9A19103F-16F7-4668-BE54-9A1E7A4F7556}") = "UsersAndAwards.Dependencies", "UsersAndAwards.Dependencies\UsersAndAwards.Dependencies.csproj", "{868563DA-F0B7-4415-8E8D-E9EE7DD267A4}"
EndProject
Project("{9A19103F-16F7-4668-BE54-9A1E7A4F7556}") = "UsersAndAwards.Domain", "UsersAndAwards.Domain\UsersAndAwards.Domain.csproj", "{96F072CE-52C9-4791-8F9E-8A8310FCC832}"
EndProject
Project("{9A19103F-16F7-4668-BE54-9A1E7A4F7556}") = "UsersAndAwards.DAL.Interfaces", "UsersAndAwards.DAL.Interfaces\UsersAndAwards.DAL.Interfaces.csproj", "{C40003FA-D0EC-45A5-B325-BE88DB1BEBA6}"
EndProject
Project("{9A19103F-16F7-4668-BE54-9A1E7A4F7556}") = "UsersAndAwards.Exceptions", "UsersAndAwards.Exceptions\UsersAndAwards.Exceptions.csproj", "{E53587E7-0AB8-4E6F-9B30-7A3DEFC8265A}"
EndProject
Project("{9A19103F-16F7-4668-BE54-9A1E7A4F7556}") = "UsersAndAwards.Tests", "UsersAndAwards.Tests\UsersAndAwards.Tests.csproj", "{0B315B69-574B-4BA9-8E00-6400B3EC1B0C}"
EndProject
Project("{9A19103F-16F7-4668-BE54-9A1E7A4F7556}") = "UsersAndAwards.PL.WebApp", "UsersAndAwards.PL.WebApp\UsersAndAwards.PL.WebApp.csproj", "{D6FF395B-E2BB-4D74-B1E5-09E8CDA89FE3}"
EndProject
Project("{9A19103F-16F7-4668-BE54-9A1E7A4F7556}") = "UsersAndAwards.Models", "UsersAndAwards.Models\UsersAndAwards.Models.csproj", "{0027131F-D018-42CF-A566-5CFAA14D0CC1}"
EndProject
Global
	GlobalSection(SolutionConfigurationPlatforms) = preSolution
		Debug|Any CPU = Debug|Any CPU
		Release|Any CPU = Release|Any CPU
	EndGlobalSection
	GlobalSection(ProjectConfigurationPlatforms) = postSolution
		{05C118C8-C3E0-4268-939A-43D94AF48E6C}.Debug|Any CPU.ActiveCfg = Debug|Any CPU
		{05C118C8-C3E0-4268-939A-43D94AF48E6C}.Debug|Any CPU.Build.0 = Debug|Any CPU
		{05C118C8-C3E0-4268-939A-43D94AF48E6C}.Release|Any CPU.ActiveCfg = Release|Any CPU
		{05C118C8-C3E0-4268-939A-43D94AF48E6C}.Release|Any CPU.Build.0 = Release|Any CPU
		{E8C61C56-EDAB-4507-9E11-CE5AA3F93D5A}.Debug|Any CPU.ActiveCfg = Debug|Any CPU
		{E8C61C56-EDAB-4507-9E11-CE5AA3F93D5A}.Debug|Any CPU.Build.0 = Debug|Any CPU
		{E8C61C56-EDAB-4507-9E11-CE5AA3F93D5A}.Release|Any CPU.ActiveCfg = Release|Any CPU
		{E8C61C56-EDAB-4507-9E11-CE5AA3F93D5A}.Release|Any CPU.Build.0 = Release|Any CPU
		{CD996D70-01DD-451C-8BA4-4984F748C28E}.Debug|Any CPU.ActiveCfg = Debug|Any CPU
		{CD996D70-01DD-451C-8BA4-4984F748C28E}.Debug|Any CPU.Build.0 = Debug|Any CPU
		{CD996D70-01DD-451C-8BA4-4984F748C28E}.Release|Any CPU.ActiveCfg = Release|Any CPU
		{CD996D70-01DD-451C-8BA4-4984F748C28E}.Release|Any CPU.Build.0 = Release|Any CPU
		{D81881DD-F8FC-4AE5-98BB-4E9333DBF921}.Debug|Any CPU.ActiveCfg = Debug|Any CPU
		{D81881DD-F8FC-4AE5-98BB-4E9333DBF921}.Debug|Any CPU.Build.0 = Debug|Any CPU
		{D81881DD-F8FC-4AE5-98BB-4E9333DBF921}.Release|Any CPU.ActiveCfg = Release|Any CPU
		{D81881DD-F8FC-4AE5-98BB-4E9333DBF921}.Release|Any CPU.Build.0 = Release|Any CPU
		{6181EEA0-536C-4768-9AF2-318AB8C418CD}.Debug|Any CPU.ActiveCfg = Debug|Any CPU
		{6181EEA0-536C-4768-9AF2-318AB8C418CD}.Debug|Any CPU.Build.0 = Debug|Any CPU
		{6181EEA0-536C-4768-9AF2-318AB8C418CD}.Release|Any CPU.ActiveCfg = Release|Any CPU
		{6181EEA0-536C-4768-9AF2-318AB8C418CD}.Release|Any CPU.Build.0 = Release|Any CPU
		{868563DA-F0B7-4415-8E8D-E9EE7DD267A4}.Debug|Any CPU.ActiveCfg = Debug|Any CPU
		{868563DA-F0B7-4415-8E8D-E9EE7DD267A4}.Debug|Any CPU.Build.0 = Debug|Any CPU
		{868563DA-F0B7-4415-8E8D-E9EE7DD267A4}.Release|Any CPU.ActiveCfg = Release|Any CPU
		{868563DA-F0B7-4415-8E8D-E9EE7DD267A4}.Release|Any CPU.Build.0 = Release|Any CPU
		{96F072CE-52C9-4791-8F9E-8A8310FCC832}.Debug|Any CPU.ActiveCfg = Debug|Any CPU
		{96F072CE-52C9-4791-8F9E-8A8310FCC832}.Debug|Any CPU.Build.0 = Debug|Any CPU
		{96F072CE-52C9-4791-8F9E-8A8310FCC832}.Release|Any CPU.ActiveCfg = Release|Any CPU
		{96F072CE-52C9-4791-8F9E-8A8310FCC832}.Release|Any CPU.Build.0 = Release|Any CPU
		{C40003FA-D0EC-45A5-B325-BE88DB1BEBA6}.Debug|Any CPU.ActiveCfg = Debug|Any CPU
		{C40003FA-D0EC-45A5-B325-BE88DB1BEBA6}.Debug|Any CPU.Build.0 = Debug|Any CPU
		{C40003FA-D0EC-45A5-B325-BE88DB1BEBA6}.Release|Any CPU.ActiveCfg = Release|Any CPU
		{C40003FA-D0EC-45A5-B325-BE88DB1BEBA6}.Release|Any CPU.Build.0 = Release|Any CPU
		{E53587E7-0AB8-4E6F-9B30-7A3DEFC8265A}.Debug|Any CPU.ActiveCfg = Debug|Any CPU
		{E53587E7-0AB8-4E6F-9B30-7A3DEFC8265A}.Debug|Any CPU.Build.0 = Debug|Any CPU
		{E53587E7-0AB8-4E6F-9B30-7A3DEFC8265A}.Release|Any CPU.ActiveCfg = Release|Any CPU
		{E53587E7-0AB8-4E6F-9B30-7A3DEFC8265A}.Release|Any CPU.Build.0 = Release|Any CPU
		{0B315B69-574B-4BA9-8E00-6400B3EC1B0C}.Debug|Any CPU.ActiveCfg = Debug|Any CPU
		{0B315B69-574B-4BA9-8E00-6400B3EC1B0C}.Debug|Any CPU.Build.0 = Debug|Any CPU
		{0B315B69-574B-4BA9-8E00-6400B3EC1B0C}.Release|Any CPU.ActiveCfg = Release|Any CPU
		{0B315B69-574B-4BA9-8E00-6400B3EC1B0C}.Release|Any CPU.Build.0 = Release|Any CPU
		{D6FF395B-E2BB-4D74-B1E5-09E8CDA89FE3}.Debug|Any CPU.ActiveCfg = Debug|Any CPU
		{D6FF395B-E2BB-4D74-B1E5-09E8CDA89FE3}.Debug|Any CPU.Build.0 = Debug|Any CPU
		{D6FF395B-E2BB-4D74-B1E5-09E8CDA89FE3}.Release|Any CPU.ActiveCfg = Release|Any CPU
		{D6FF395B-E2BB-4D74-B1E5-09E8CDA89FE3}.Release|Any CPU.Build.0 = Release|Any CPU
		{0027131F-D018-42CF-A566-5CFAA14D0CC1}.Debug|Any CPU.ActiveCfg = Debug|Any CPU
		{0027131F-D018-42CF-A566-5CFAA14D0CC1}.Debug|Any CPU.Build.0 = Debug|Any CPU
		{0027131F-D018-42CF-A566-5CFAA14D0CC1}.Release|Any CPU.ActiveCfg = Release|Any CPU
		{0027131F-D018-42CF-A566-5CFAA14D0CC1}.Release|Any CPU.Build.0 = Release|Any CPU
	EndGlobalSection
	GlobalSection(SolutionProperties) = preSolution
		HideSolutionNode = FALSE
	EndGlobalSection
	GlobalSection(NestedProjects) = preSolution
		{05C118C8-C3E0-4268-939A-43D94AF48E6C} = {31BB0A10-9336-47C7-A256-495190BD5BF5}
		{E8C61C56-EDAB-4507-9E11-CE5AA3F93D5A} = {1D6C79B8-EF29-41A8-B063-0AEF2836CFDF}
		{CD996D70-01DD-451C-8BA4-4984F748C28E} = {50D5B9B2-DD2B-47F1-8406-D2B739034248}
		{D81881DD-F8FC-4AE5-98BB-4E9333DBF921} = {1D6C79B8-EF29-41A8-B063-0AEF2836CFDF}
		{6181EEA0-536C-4768-9AF2-318AB8C418CD} = {31BB0A10-9336-47C7-A256-495190BD5BF5}
		{868563DA-F0B7-4415-8E8D-E9EE7DD267A4} = {31BB0A10-9336-47C7-A256-495190BD5BF5}
		{96F072CE-52C9-4791-8F9E-8A8310FCC832} = {31BB0A10-9336-47C7-A256-495190BD5BF5}
		{C40003FA-D0EC-45A5-B325-BE88DB1BEBA6} = {50D5B9B2-DD2B-47F1-8406-D2B739034248}
		{E53587E7-0AB8-4E6F-9B30-7A3DEFC8265A} = {31BB0A10-9336-47C7-A256-495190BD5BF5}
		{0B315B69-574B-4BA9-8E00-6400B3EC1B0C} = {526BFAA4-621D-4EAB-81EB-9FFDAD4633F5}
		{D6FF395B-E2BB-4D74-B1E5-09E8CDA89FE3} = {840E1D39-E282-403A-8504-2C7CC623C59E}
		{0027131F-D018-42CF-A566-5CFAA14D0CC1} = {31BB0A10-9336-47C7-A256-495190BD5BF5}
	EndGlobalSection
	GlobalSection(ExtensibilityGlobals) = postSolution
		SolutionGuid = {47B458B4-6C0E-42A0-B45A-620027667194}
	EndGlobalSection
EndGlobal
